
Microsoft Visual Studio Solution File, Format Version 12.00
# Visual Studio 14
VisualStudioVersion = 14.0.25420.1
MinimumVisualStudioVersion = 10.0.40219.1
Project("{FAE04EC0-301F-11D3-BF4B-00C04F79EFBC}") = "SIA.Droid", "SIA\SIA.Droid\SIA.Droid.csproj", "{E631DFE6-D303-44D9-A6FB-23E886FB6A74}"
EndProject
Project("{FAE04EC0-301F-11D3-BF4B-00C04F79EFBC}") = "SIA.iOS", "SIA\SIA.iOS\SIA.iOS.csproj", "{80633D36-5A4B-46F6-9FAD-B3EA4C7CB6F5}"
EndProject
Project("{FAE04EC0-301F-11D3-BF4B-00C04F79EFBC}") = "SIA", "SIA\SIA\SIA.csproj", "{276A85C1-F40A-461C-BBC4-9295CE7677E0}"
EndProject
Project("{FAE04EC0-301F-11D3-BF4B-00C04F79EFBC}") = "SIA.UWP", "SIA\SIA.UWP\SIA.UWP.csproj", "{39522795-502C-475E-A5C5-F840BC23BE14}"
EndProject
Global
	GlobalSection(SolutionConfigurationPlatforms) = preSolution
		Ad-Hoc|Any CPU = Ad-Hoc|Any CPU
		Ad-Hoc|ARM = Ad-Hoc|ARM
		Ad-Hoc|iPhone = Ad-Hoc|iPhone
		Ad-Hoc|iPhoneSimulator = Ad-Hoc|iPhoneSimulator
		Ad-Hoc|x64 = Ad-Hoc|x64
		Ad-Hoc|x86 = Ad-Hoc|x86
		AppStore|Any CPU = AppStore|Any CPU
		AppStore|ARM = AppStore|ARM
		AppStore|iPhone = AppStore|iPhone
		AppStore|iPhoneSimulator = AppStore|iPhoneSimulator
		AppStore|x64 = AppStore|x64
		AppStore|x86 = AppStore|x86
		Debug|Any CPU = Debug|Any CPU
		Debug|ARM = Debug|ARM
		Debug|iPhone = Debug|iPhone
		Debug|iPhoneSimulator = Debug|iPhoneSimulator
		Debug|x64 = Debug|x64
		Debug|x86 = Debug|x86
		Release|Any CPU = Release|Any CPU
		Release|ARM = Release|ARM
		Release|iPhone = Release|iPhone
		Release|iPhoneSimulator = Release|iPhoneSimulator
		Release|x64 = Release|x64
		Release|x86 = Release|x86
	EndGlobalSection
	GlobalSection(ProjectConfigurationPlatforms) = postSolution
		{E631DFE6-D303-44D9-A6FB-23E886FB6A74}.Ad-Hoc|Any CPU.ActiveCfg = Release|Any CPU
		{E631DFE6-D303-44D9-A6FB-23E886FB6A74}.Ad-Hoc|Any CPU.Build.0 = Release|Any CPU
		{E631DFE6-D303-44D9-A6FB-23E886FB6A74}.Ad-Hoc|Any CPU.Deploy.0 = Release|Any CPU
		{E631DFE6-D303-44D9-A6FB-23E886FB6A74}.Ad-Hoc|ARM.ActiveCfg = Release|Any CPU
		{E631DFE6-D303-44D9-A6FB-23E886FB6A74}.Ad-Hoc|ARM.Build.0 = Release|Any CPU
		{E631DFE6-D303-44D9-A6FB-23E886FB6A74}.Ad-Hoc|ARM.Deploy.0 = Release|Any CPU
		{E631DFE6-D303-44D9-A6FB-23E886FB6A74}.Ad-Hoc|iPhone.ActiveCfg = Release|Any CPU
		{E631DFE6-D303-44D9-A6FB-23E886FB6A74}.Ad-Hoc|iPhone.Build.0 = Release|Any CPU
		{E631DFE6-D303-44D9-A6FB-23E886FB6A74}.Ad-Hoc|iPhone.Deploy.0 = Release|Any CPU
		{E631DFE6-D303-44D9-A6FB-23E886FB6A74}.Ad-Hoc|iPhoneSimulator.ActiveCfg = Release|Any CPU
		{E631DFE6-D303-44D9-A6FB-23E886FB6A74}.Ad-Hoc|iPhoneSimulator.Build.0 = Release|Any CPU
		{E631DFE6-D303-44D9-A6FB-23E886FB6A74}.Ad-Hoc|iPhoneSimulator.Deploy.0 = Release|Any CPU
		{E631DFE6-D303-44D9-A6FB-23E886FB6A74}.Ad-Hoc|x64.ActiveCfg = Release|Any CPU
		{E631DFE6-D303-44D9-A6FB-23E886FB6A74}.Ad-Hoc|x64.Build.0 = Release|Any CPU
		{E631DFE6-D303-44D9-A6FB-23E886FB6A74}.Ad-Hoc|x64.Deploy.0 = Release|Any CPU
		{E631DFE6-D303-44D9-A6FB-23E886FB6A74}.Ad-Hoc|x86.ActiveCfg = Release|Any CPU
		{E631DFE6-D303-44D9-A6FB-23E886FB6A74}.Ad-Hoc|x86.Build.0 = Release|Any CPU
		{E631DFE6-D303-44D9-A6FB-23E886FB6A74}.Ad-Hoc|x86.Deploy.0 = Release|Any CPU
		{E631DFE6-D303-44D9-A6FB-23E886FB6A74}.AppStore|Any CPU.ActiveCfg = Release|Any CPU
		{E631DFE6-D303-44D9-A6FB-23E886FB6A74}.AppStore|Any CPU.Build.0 = Release|Any CPU
		{E631DFE6-D303-44D9-A6FB-23E886FB6A74}.AppStore|Any CPU.Deploy.0 = Release|Any CPU
		{E631DFE6-D303-44D9-A6FB-23E886FB6A74}.AppStore|ARM.ActiveCfg = Release|Any CPU
		{E631DFE6-D303-44D9-A6FB-23E886FB6A74}.AppStore|ARM.Build.0 = Release|Any CPU
		{E631DFE6-D303-44D9-A6FB-23E886FB6A74}.AppStore|ARM.Deploy.0 = Release|Any CPU
		{E631DFE6-D303-44D9-A6FB-23E886FB6A74}.AppStore|iPhone.ActiveCfg = Release|Any CPU
		{E631DFE6-D303-44D9-A6FB-23E886FB6A74}.AppStore|iPhone.Build.0 = Release|Any CPU
		{E631DFE6-D303-44D9-A6FB-23E886FB6A74}.AppStore|iPhone.Deploy.0 = Release|Any CPU
		{E631DFE6-D303-44D9-A6FB-23E886FB6A74}.AppStore|iPhoneSimulator.ActiveCfg = Release|Any CPU
		{E631DFE6-D303-44D9-A6FB-23E886FB6A74}.AppStore|iPhoneSimulator.Build.0 = Release|Any CPU
		{E631DFE6-D303-44D9-A6FB-23E886FB6A74}.AppStore|iPhoneSimulator.Deploy.0 = Release|Any CPU
		{E631DFE6-D303-44D9-A6FB-23E886FB6A74}.AppStore|x64.ActiveCfg = Release|Any CPU
		{E631DFE6-D303-44D9-A6FB-23E886FB6A74}.AppStore|x64.Build.0 = Release|Any CPU
		{E631DFE6-D303-44D9-A6FB-23E886FB6A74}.AppStore|x64.Deploy.0 = Release|Any CPU
		{E631DFE6-D303-44D9-A6FB-23E886FB6A74}.AppStore|x86.ActiveCfg = Release|Any CPU
		{E631DFE6-D303-44D9-A6FB-23E886FB6A74}.AppStore|x86.Build.0 = Release|Any CPU
		{E631DFE6-D303-44D9-A6FB-23E886FB6A74}.AppStore|x86.Deploy.0 = Release|Any CPU
		{E631DFE6-D303-44D9-A6FB-23E886FB6A74}.Debug|Any CPU.ActiveCfg = Debug|Any CPU
		{E631DFE6-D303-44D9-A6FB-23E886FB6A74}.Debug|Any CPU.Build.0 = Debug|Any CPU
		{E631DFE6-D303-44D9-A6FB-23E886FB6A74}.Debug|Any CPU.Deploy.0 = Debug|Any CPU
		{E631DFE6-D303-44D9-A6FB-23E886FB6A74}.Debug|ARM.ActiveCfg = Debug|Any CPU
		{E631DFE6-D303-44D9-A6FB-23E886FB6A74}.Debug|ARM.Build.0 = Debug|Any CPU
		{E631DFE6-D303-44D9-A6FB-23E886FB6A74}.Debug|ARM.Deploy.0 = Debug|Any CPU
		{E631DFE6-D303-44D9-A6FB-23E886FB6A74}.Debug|iPhone.ActiveCfg = Debug|Any CPU
		{E631DFE6-D303-44D9-A6FB-23E886FB6A74}.Debug|iPhone.Build.0 = Debug|Any CPU
		{E631DFE6-D303-44D9-A6FB-23E886FB6A74}.Debug|iPhone.Deploy.0 = Debug|Any CPU
		{E631DFE6-D303-44D9-A6FB-23E886FB6A74}.Debug|iPhoneSimulator.ActiveCfg = Debug|Any CPU
		{E631DFE6-D303-44D9-A6FB-23E886FB6A74}.Debug|iPhoneSimulator.Build.0 = Debug|Any CPU
		{E631DFE6-D303-44D9-A6FB-23E886FB6A74}.Debug|iPhoneSimulator.Deploy.0 = Debug|Any CPU
		{E631DFE6-D303-44D9-A6FB-23E886FB6A74}.Debug|x64.ActiveCfg = Debug|Any CPU
		{E631DFE6-D303-44D9-A6FB-23E886FB6A74}.Debug|x64.Build.0 = Debug|Any CPU
		{E631DFE6-D303-44D9-A6FB-23E886FB6A74}.Debug|x64.Deploy.0 = Debug|Any CPU
		{E631DFE6-D303-44D9-A6FB-23E886FB6A74}.Debug|x86.ActiveCfg = Debug|Any CPU
		{E631DFE6-D303-44D9-A6FB-23E886FB6A74}.Debug|x86.Build.0 = Debug|Any CPU
		{E631DFE6-D303-44D9-A6FB-23E886FB6A74}.Debug|x86.Deploy.0 = Debug|Any CPU
		{E631DFE6-D303-44D9-A6FB-23E886FB6A74}.Release|Any CPU.ActiveCfg = Release|Any CPU
		{E631DFE6-D303-44D9-A6FB-23E886FB6A74}.Release|Any CPU.Build.0 = Release|Any CPU
		{E631DFE6-D303-44D9-A6FB-23E886FB6A74}.Release|Any CPU.Deploy.0 = Release|Any CPU
		{E631DFE6-D303-44D9-A6FB-23E886FB6A74}.Release|ARM.ActiveCfg = Release|Any CPU
		{E631DFE6-D303-44D9-A6FB-23E886FB6A74}.Release|ARM.Build.0 = Release|Any CPU
		{E631DFE6-D303-44D9-A6FB-23E886FB6A74}.Release|ARM.Deploy.0 = Release|Any CPU
		{E631DFE6-D303-44D9-A6FB-23E886FB6A74}.Release|iPhone.ActiveCfg = Release|Any CPU
		{E631DFE6-D303-44D9-A6FB-23E886FB6A74}.Release|iPhone.Build.0 = Release|Any CPU
		{E631DFE6-D303-44D9-A6FB-23E886FB6A74}.Release|iPhone.Deploy.0 = Release|Any CPU
		{E631DFE6-D303-44D9-A6FB-23E886FB6A74}.Release|iPhoneSimulator.ActiveCfg = Release|Any CPU
		{E631DFE6-D303-44D9-A6FB-23E886FB6A74}.Release|iPhoneSimulator.Build.0 = Release|Any CPU
		{E631DFE6-D303-44D9-A6FB-23E886FB6A74}.Release|iPhoneSimulator.Deploy.0 = Release|Any CPU
		{E631DFE6-D303-44D9-A6FB-23E886FB6A74}.Release|x64.ActiveCfg = Release|Any CPU
		{E631DFE6-D303-44D9-A6FB-23E886FB6A74}.Release|x64.Build.0 = Release|Any CPU
		{E631DFE6-D303-44D9-A6FB-23E886FB6A74}.Release|x64.Deploy.0 = Release|Any CPU
		{E631DFE6-D303-44D9-A6FB-23E886FB6A74}.Release|x86.ActiveCfg = Release|Any CPU
		{E631DFE6-D303-44D9-A6FB-23E886FB6A74}.Release|x86.Build.0 = Release|Any CPU
		{E631DFE6-D303-44D9-A6FB-23E886FB6A74}.Release|x86.Deploy.0 = Release|Any CPU
		{80633D36-5A4B-46F6-9FAD-B3EA4C7CB6F5}.Ad-Hoc|Any CPU.ActiveCfg = Ad-Hoc|iPhone
		{80633D36-5A4B-46F6-9FAD-B3EA4C7CB6F5}.Ad-Hoc|ARM.ActiveCfg = Ad-Hoc|iPhone
		{80633D36-5A4B-46F6-9FAD-B3EA4C7CB6F5}.Ad-Hoc|iPhone.ActiveCfg = Ad-Hoc|iPhone
		{80633D36-5A4B-46F6-9FAD-B3EA4C7CB6F5}.Ad-Hoc|iPhone.Build.0 = Ad-Hoc|iPhone
		{80633D36-5A4B-46F6-9FAD-B3EA4C7CB6F5}.Ad-Hoc|iPhoneSimulator.ActiveCfg = Ad-Hoc|iPhoneSimulator
		{80633D36-5A4B-46F6-9FAD-B3EA4C7CB6F5}.Ad-Hoc|iPhoneSimulator.Build.0 = Ad-Hoc|iPhoneSimulator
		{80633D36-5A4B-46F6-9FAD-B3EA4C7CB6F5}.Ad-Hoc|x64.ActiveCfg = Ad-Hoc|iPhone
		{80633D36-5A4B-46F6-9FAD-B3EA4C7CB6F5}.Ad-Hoc|x86.ActiveCfg = Ad-Hoc|iPhone
		{80633D36-5A4B-46F6-9FAD-B3EA4C7CB6F5}.AppStore|Any CPU.ActiveCfg = AppStore|iPhone
		{80633D36-5A4B-46F6-9FAD-B3EA4C7CB6F5}.AppStore|ARM.ActiveCfg = AppStore|iPhone
		{80633D36-5A4B-46F6-9FAD-B3EA4C7CB6F5}.AppStore|iPhone.ActiveCfg = AppStore|iPhone
		{80633D36-5A4B-46F6-9FAD-B3EA4C7CB6F5}.AppStore|iPhone.Build.0 = AppStore|iPhone
		{80633D36-5A4B-46F6-9FAD-B3EA4C7CB6F5}.AppStore|iPhoneSimulator.ActiveCfg = AppStore|iPhoneSimulator
		{80633D36-5A4B-46F6-9FAD-B3EA4C7CB6F5}.AppStore|iPhoneSimulator.Build.0 = AppStore|iPhoneSimulator
		{80633D36-5A4B-46F6-9FAD-B3EA4C7CB6F5}.AppStore|x64.ActiveCfg = AppStore|iPhone
		{80633D36-5A4B-46F6-9FAD-B3EA4C7CB6F5}.AppStore|x86.ActiveCfg = AppStore|iPhone
		{80633D36-5A4B-46F6-9FAD-B3EA4C7CB6F5}.Debug|Any CPU.ActiveCfg = Debug|iPhone
		{80633D36-5A4B-46F6-9FAD-B3EA4C7CB6F5}.Debug|ARM.ActiveCfg = Debug|iPhone
		{80633D36-5A4B-46F6-9FAD-B3EA4C7CB6F5}.Debug|iPhone.ActiveCfg = Debug|iPhone
		{80633D36-5A4B-46F6-9FAD-B3EA4C7CB6F5}.Debug|iPhone.Build.0 = Debug|iPhone
		{80633D36-5A4B-46F6-9FAD-B3EA4C7CB6F5}.Debug|iPhoneSimulator.ActiveCfg = Debug|iPhoneSimulator
		{80633D36-5A4B-46F6-9FAD-B3EA4C7CB6F5}.Debug|iPhoneSimulator.Build.0 = Debug|iPhoneSimulator
		{80633D36-5A4B-46F6-9FAD-B3EA4C7CB6F5}.Debug|x64.ActiveCfg = Debug|iPhone
		{80633D36-5A4B-46F6-9FAD-B3EA4C7CB6F5}.Debug|x86.ActiveCfg = Debug|iPhone
		{80633D36-5A4B-46F6-9FAD-B3EA4C7CB6F5}.Release|Any CPU.ActiveCfg = Release|iPhone
		{80633D36-5A4B-46F6-9FAD-B3EA4C7CB6F5}.Release|ARM.ActiveCfg = Release|iPhone
		{80633D36-5A4B-46F6-9FAD-B3EA4C7CB6F5}.Release|iPhone.ActiveCfg = Release|iPhone
		{80633D36-5A4B-46F6-9FAD-B3EA4C7CB6F5}.Release|iPhone.Build.0 = Release|iPhone
		{80633D36-5A4B-46F6-9FAD-B3EA4C7CB6F5}.Release|iPhoneSimulator.ActiveCfg = Release|iPhoneSimulator
		{80633D36-5A4B-46F6-9FAD-B3EA4C7CB6F5}.Release|iPhoneSimulator.Build.0 = Release|iPhoneSimulator
		{80633D36-5A4B-46F6-9FAD-B3EA4C7CB6F5}.Release|x64.ActiveCfg = Release|iPhone
		{80633D36-5A4B-46F6-9FAD-B3EA4C7CB6F5}.Release|x86.ActiveCfg = Release|iPhone
		{276A85C1-F40A-461C-BBC4-9295CE7677E0}.Ad-Hoc|Any CPU.ActiveCfg = Release|Any CPU
		{276A85C1-F40A-461C-BBC4-9295CE7677E0}.Ad-Hoc|Any CPU.Build.0 = Release|Any CPU
		{276A85C1-F40A-461C-BBC4-9295CE7677E0}.Ad-Hoc|ARM.ActiveCfg = Release|Any CPU
		{276A85C1-F40A-461C-BBC4-9295CE7677E0}.Ad-Hoc|ARM.Build.0 = Release|Any CPU
		{276A85C1-F40A-461C-BBC4-9295CE7677E0}.Ad-Hoc|iPhone.ActiveCfg = Release|Any CPU
		{276A85C1-F40A-461C-BBC4-9295CE7677E0}.Ad-Hoc|iPhone.Build.0 = Release|Any CPU
		{276A85C1-F40A-461C-BBC4-9295CE7677E0}.Ad-Hoc|iPhoneSimulator.ActiveCfg = Release|Any CPU
		{276A85C1-F40A-461C-BBC4-9295CE7677E0}.Ad-Hoc|iPhoneSimulator.Build.0 = Release|Any CPU
		{276A85C1-F40A-461C-BBC4-9295CE7677E0}.Ad-Hoc|x64.ActiveCfg = Release|Any CPU
		{276A85C1-F40A-461C-BBC4-9295CE7677E0}.Ad-Hoc|x64.Build.0 = Release|Any CPU
		{276A85C1-F40A-461C-BBC4-9295CE7677E0}.Ad-Hoc|x86.ActiveCfg = Release|Any CPU
		{276A85C1-F40A-461C-BBC4-9295CE7677E0}.Ad-Hoc|x86.Build.0 = Release|Any CPU
		{276A85C1-F40A-461C-BBC4-9295CE7677E0}.AppStore|Any CPU.ActiveCfg = Release|Any CPU
		{276A85C1-F40A-461C-BBC4-9295CE7677E0}.AppStore|Any CPU.Build.0 = Release|Any CPU
		{276A85C1-F40A-461C-BBC4-9295CE7677E0}.AppStore|ARM.ActiveCfg = Release|Any CPU
		{276A85C1-F40A-461C-BBC4-9295CE7677E0}.AppStore|ARM.Build.0 = Release|Any CPU
		{276A85C1-F40A-461C-BBC4-9295CE7677E0}.AppStore|iPhone.ActiveCfg = Release|Any CPU
		{276A85C1-F40A-461C-BBC4-9295CE7677E0}.AppStore|iPhone.Build.0 = Release|Any CPU
		{276A85C1-F40A-461C-BBC4-9295CE7677E0}.AppStore|iPhoneSimulator.ActiveCfg = Release|Any CPU
		{276A85C1-F40A-461C-BBC4-9295CE7677E0}.AppStore|iPhoneSimulator.Build.0 = Release|Any CPU
		{276A85C1-F40A-461C-BBC4-9295CE7677E0}.AppStore|x64.ActiveCfg = Release|Any CPU
		{276A85C1-F40A-461C-BBC4-9295CE7677E0}.AppStore|x64.Build.0 = Release|Any CPU
		{276A85C1-F40A-461C-BBC4-9295CE7677E0}.AppStore|x86.ActiveCfg = Release|Any CPU
		{276A85C1-F40A-461C-BBC4-9295CE7677E0}.AppStore|x86.Build.0 = Release|Any CPU
		{276A85C1-F40A-461C-BBC4-9295CE7677E0}.Debug|Any CPU.ActiveCfg = Debug|Any CPU
		{276A85C1-F40A-461C-BBC4-9295CE7677E0}.Debug|Any CPU.Build.0 = Debug|Any CPU
		{276A85C1-F40A-461C-BBC4-9295CE7677E0}.Debug|ARM.ActiveCfg = Debug|Any CPU
		{276A85C1-F40A-461C-BBC4-9295CE7677E0}.Debug|ARM.Build.0 = Debug|Any CPU
		{276A85C1-F40A-461C-BBC4-9295CE7677E0}.Debug|iPhone.ActiveCfg = Debug|Any CPU
		{276A85C1-F40A-461C-BBC4-9295CE7677E0}.Debug|iPhone.Build.0 = Debug|Any CPU
		{276A85C1-F40A-461C-BBC4-9295CE7677E0}.Debug|iPhoneSimulator.ActiveCfg = Debug|Any CPU
		{276A85C1-F40A-461C-BBC4-9295CE7677E0}.Debug|iPhoneSimulator.Build.0 = Debug|Any CPU
		{276A85C1-F40A-461C-BBC4-9295CE7677E0}.Debug|x64.ActiveCfg = Debug|Any CPU
		{276A85C1-F40A-461C-BBC4-9295CE7677E0}.Debug|x64.Build.0 = Debug|Any CPU
		{276A85C1-F40A-461C-BBC4-9295CE7677E0}.Debug|x86.ActiveCfg = Debug|Any CPU
		{276A85C1-F40A-461C-BBC4-9295CE7677E0}.Debug|x86.Build.0 = Debug|Any CPU
		{276A85C1-F40A-461C-BBC4-9295CE7677E0}.Release|Any CPU.ActiveCfg = Release|Any CPU
		{276A85C1-F40A-461C-BBC4-9295CE7677E0}.Release|Any CPU.Build.0 = Release|Any CPU
		{276A85C1-F40A-461C-BBC4-9295CE7677E0}.Release|ARM.ActiveCfg = Release|Any CPU
		{276A85C1-F40A-461C-BBC4-9295CE7677E0}.Release|ARM.Build.0 = Release|Any CPU
		{276A85C1-F40A-461C-BBC4-9295CE7677E0}.Release|iPhone.ActiveCfg = Release|Any CPU
		{276A85C1-F40A-461C-BBC4-9295CE7677E0}.Release|iPhone.Build.0 = Release|Any CPU
		{276A85C1-F40A-461C-BBC4-9295CE7677E0}.Release|iPhoneSimulator.ActiveCfg = Release|Any CPU
		{276A85C1-F40A-461C-BBC4-9295CE7677E0}.Release|iPhoneSimulator.Build.0 = Release|Any CPU
		{276A85C1-F40A-461C-BBC4-9295CE7677E0}.Release|x64.ActiveCfg = Release|Any CPU
		{276A85C1-F40A-461C-BBC4-9295CE7677E0}.Release|x64.Build.0 = Release|Any CPU
		{276A85C1-F40A-461C-BBC4-9295CE7677E0}.Release|x86.ActiveCfg = Release|Any CPU
		{276A85C1-F40A-461C-BBC4-9295CE7677E0}.Release|x86.Build.0 = Release|Any CPU
		{39522795-502C-475E-A5C5-F840BC23BE14}.Ad-Hoc|Any CPU.ActiveCfg = Release|x64
		{39522795-502C-475E-A5C5-F840BC23BE14}.Ad-Hoc|Any CPU.Build.0 = Release|x64
		{39522795-502C-475E-A5C5-F840BC23BE14}.Ad-Hoc|Any CPU.Deploy.0 = Release|x64
		{39522795-502C-475E-A5C5-F840BC23BE14}.Ad-Hoc|ARM.ActiveCfg = Release|ARM
		{39522795-502C-475E-A5C5-F840BC23BE14}.Ad-Hoc|ARM.Build.0 = Release|ARM
		{39522795-502C-475E-A5C5-F840BC23BE14}.Ad-Hoc|ARM.Deploy.0 = Release|ARM
		{39522795-502C-475E-A5C5-F840BC23BE14}.Ad-Hoc|iPhone.ActiveCfg = Release|x64
		{39522795-502C-475E-A5C5-F840BC23BE14}.Ad-Hoc|iPhone.Build.0 = Release|x64
		{39522795-502C-475E-A5C5-F840BC23BE14}.Ad-Hoc|iPhone.Deploy.0 = Release|x64
		{39522795-502C-475E-A5C5-F840BC23BE14}.Ad-Hoc|iPhoneSimulator.ActiveCfg = Release|x64
		{39522795-502C-475E-A5C5-F840BC23BE14}.Ad-Hoc|iPhoneSimulator.Build.0 = Release|x64
		{39522795-502C-475E-A5C5-F840BC23BE14}.Ad-Hoc|iPhoneSimulator.Deploy.0 = Release|x64
		{39522795-502C-475E-A5C5-F840BC23BE14}.Ad-Hoc|x64.ActiveCfg = Release|x64
		{39522795-502C-475E-A5C5-F840BC23BE14}.Ad-Hoc|x64.Build.0 = Release|x64
		{39522795-502C-475E-A5C5-F840BC23BE14}.Ad-Hoc|x64.Deploy.0 = Release|x64
		{39522795-502C-475E-A5C5-F840BC23BE14}.Ad-Hoc|x86.ActiveCfg = Release|x86
		{39522795-502C-475E-A5C5-F840BC23BE14}.Ad-Hoc|x86.Build.0 = Release|x86
		{39522795-502C-475E-A5C5-F840BC23BE14}.Ad-Hoc|x86.Deploy.0 = Release|x86
		{39522795-502C-475E-A5C5-F840BC23BE14}.AppStore|Any CPU.ActiveCfg = Release|x64
		{39522795-502C-475E-A5C5-F840BC23BE14}.AppStore|Any CPU.Build.0 = Release|x64
		{39522795-502C-475E-A5C5-F840BC23BE14}.AppStore|Any CPU.Deploy.0 = Release|x64
		{39522795-502C-475E-A5C5-F840BC23BE14}.AppStore|ARM.ActiveCfg = Release|ARM
		{39522795-502C-475E-A5C5-F840BC23BE14}.AppStore|ARM.Build.0 = Release|ARM
		{39522795-502C-475E-A5C5-F840BC23BE14}.AppStore|ARM.Deploy.0 = Release|ARM
		{39522795-502C-475E-A5C5-F840BC23BE14}.AppStore|iPhone.ActiveCfg = Release|x64
		{39522795-502C-475E-A5C5-F840BC23BE14}.AppStore|iPhone.Build.0 = Release|x64
		{39522795-502C-475E-A5C5-F840BC23BE14}.AppStore|iPhone.Deploy.0 = Release|x64
		{39522795-502C-475E-A5C5-F840BC23BE14}.AppStore|iPhoneSimulator.ActiveCfg = Release|x64
		{39522795-502C-475E-A5C5-F840BC23BE14}.AppStore|iPhoneSimulator.Build.0 = Release|x64
		{39522795-502C-475E-A5C5-F840BC23BE14}.AppStore|iPhoneSimulator.Deploy.0 = Release|x64
		{39522795-502C-475E-A5C5-F840BC23BE14}.AppStore|x64.ActiveCfg = Release|x64
		{39522795-502C-475E-A5C5-F840BC23BE14}.AppStore|x64.Build.0 = Release|x64
		{39522795-502C-475E-A5C5-F840BC23BE14}.AppStore|x64.Deploy.0 = Release|x64
		{39522795-502C-475E-A5C5-F840BC23BE14}.AppStore|x86.ActiveCfg = Release|x86
		{39522795-502C-475E-A5C5-F840BC23BE14}.AppStore|x86.Build.0 = Release|x86
		{39522795-502C-475E-A5C5-F840BC23BE14}.AppStore|x86.Deploy.0 = Release|x86
		{39522795-502C-475E-A5C5-F840BC23BE14}.Debug|Any CPU.ActiveCfg = Debug|x86
		{39522795-502C-475E-A5C5-F840BC23BE14}.Debug|Any CPU.Build.0 = Debug|x86
		{39522795-502C-475E-A5C5-F840BC23BE14}.Debug|ARM.ActiveCfg = Debug|ARM
		{39522795-502C-475E-A5C5-F840BC23BE14}.Debug|ARM.Build.0 = Debug|ARM
		{39522795-502C-475E-A5C5-F840BC23BE14}.Debug|ARM.Deploy.0 = Debug|ARM
		{39522795-502C-475E-A5C5-F840BC23BE14}.Debug|iPhone.ActiveCfg = Debug|x86
		{39522795-502C-475E-A5C5-F840BC23BE14}.Debug|iPhoneSimulator.ActiveCfg = Debug|x86
		{39522795-502C-475E-A5C5-F840BC23BE14}.Debug|x64.ActiveCfg = Debug|x64
		{39522795-502C-475E-A5C5-F840BC23BE14}.Debug|x64.Build.0 = Debug|x64
		{39522795-502C-475E-A5C5-F840BC23BE14}.Debug|x64.Deploy.0 = Debug|x64
		{39522795-502C-475E-A5C5-F840BC23BE14}.Debug|x86.ActiveCfg = Debug|x86
		{39522795-502C-475E-A5C5-F840BC23BE14}.Debug|x86.Build.0 = Debug|x86
		{39522795-502C-475E-A5C5-F840BC23BE14}.Debug|x86.Deploy.0 = Debug|x86
		{39522795-502C-475E-A5C5-F840BC23BE14}.Release|Any CPU.ActiveCfg = Release|x86
		{39522795-502C-475E-A5C5-F840BC23BE14}.Release|ARM.ActiveCfg = Release|ARM
		{39522795-502C-475E-A5C5-F840BC23BE14}.Release|ARM.Build.0 = Release|ARM
		{39522795-502C-475E-A5C5-F840BC23BE14}.Release|ARM.Deploy.0 = Release|ARM
		{39522795-502C-475E-A5C5-F840BC23BE14}.Release|iPhone.ActiveCfg = Release|x86
		{39522795-502C-475E-A5C5-F840BC23BE14}.Release|iPhoneSimulator.ActiveCfg = Release|x86
		{39522795-502C-475E-A5C5-F840BC23BE14}.Release|x64.ActiveCfg = Release|x64
		{39522795-502C-475E-A5C5-F840BC23BE14}.Release|x64.Build.0 = Release|x64
		{39522795-502C-475E-A5C5-F840BC23BE14}.Release|x64.Deploy.0 = Release|x64
		{39522795-502C-475E-A5C5-F840BC23BE14}.Release|x86.ActiveCfg = Release|x86
		{39522795-502C-475E-A5C5-F840BC23BE14}.Release|x86.Build.0 = Release|x86
		{39522795-502C-475E-A5C5-F840BC23BE14}.Release|x86.Deploy.0 = Release|x86
	EndGlobalSection
	GlobalSection(SolutionProperties) = preSolution
		HideSolutionNode = FALSE
	EndGlobalSection
EndGlobal
